
Microsoft Visual Studio Solution File, Format Version 12.00
# Visual Studio 15
VisualStudioVersion = 15.0.27703.2018
MinimumVisualStudioVersion = 10.0.40219.1
Project("{9A19103F-16F7-4668-BE54-9A1E7A4F7556}") = "VirtualOfficeCloud", "VirtualOfficeCloud\VirtualOfficeCloud.csproj", "{8904CEA4-7E96-4DF5-A3F1-BB675AE2A5D4}"
EndProject
Project("{9A19103F-16F7-4668-BE54-9A1E7A4F7556}") = "VirtualOfficeCloud.Data", "VirtualOfficeCloud.Data\VirtualOfficeCloud.Data.csproj", "{AEE7A4D2-199F-4D8F-9965-D959B2E02C3E}"
EndProject
Project("{FAE04EC0-301F-11D3-BF4B-00C04F79EFBC}") = "VirtualOfficeCloud.Dto", "VirtualOfficeCloud.Dto\VirtualOfficeCloud.Dto.csproj", "{890B974C-A1E1-4A02-845E-ADE4E1F9E5D6}"
EndProject
Global
	GlobalSection(SolutionConfigurationPlatforms) = preSolution
		Debug|Any CPU = Debug|Any CPU
		Release|Any CPU = Release|Any CPU
	EndGlobalSection
	GlobalSection(ProjectConfigurationPlatforms) = postSolution
		{8904CEA4-7E96-4DF5-A3F1-BB675AE2A5D4}.Debug|Any CPU.ActiveCfg = Debug|Any CPU
		{8904CEA4-7E96-4DF5-A3F1-BB675AE2A5D4}.Debug|Any CPU.Build.0 = Debug|Any CPU
		{8904CEA4-7E96-4DF5-A3F1-BB675AE2A5D4}.Release|Any CPU.ActiveCfg = Release|Any CPU
		{8904CEA4-7E96-4DF5-A3F1-BB675AE2A5D4}.Release|Any CPU.Build.0 = Release|Any CPU
		{AEE7A4D2-199F-4D8F-9965-D959B2E02C3E}.Debug|Any CPU.ActiveCfg = Debug|Any CPU
		{AEE7A4D2-199F-4D8F-9965-D959B2E02C3E}.Debug|Any CPU.Build.0 = Debug|Any CPU
		{AEE7A4D2-199F-4D8F-9965-D959B2E02C3E}.Release|Any CPU.ActiveCfg = Release|Any CPU
		{AEE7A4D2-199F-4D8F-9965-D959B2E02C3E}.Release|Any CPU.Build.0 = Release|Any CPU
		{890B974C-A1E1-4A02-845E-ADE4E1F9E5D6}.Debug|Any CPU.ActiveCfg = Debug|Any CPU
		{890B974C-A1E1-4A02-845E-ADE4E1F9E5D6}.Debug|Any CPU.Build.0 = Debug|Any CPU
		{890B974C-A1E1-4A02-845E-ADE4E1F9E5D6}.Release|Any CPU.ActiveCfg = Release|Any CPU
		{890B974C-A1E1-4A02-845E-ADE4E1F9E5D6}.Release|Any CPU.Build.0 = Release|Any CPU
	EndGlobalSection
	GlobalSection(SolutionProperties) = preSolution
		HideSolutionNode = FALSE
	EndGlobalSection
	GlobalSection(ExtensibilityGlobals) = postSolution
		SolutionGuid = {78A3C5CE-8183-49AC-97FD-43D5815C2B6F}
	EndGlobalSection
EndGlobal
